// !$*UTF8*$!
{
	archiveVersion = 1;
	classes = {
	};
	objectVersion = 46;
	objects = {

/* Begin PBXFileReference section */
		53607CB414BF47F8003E5269 /* Tuprules.tup */ = {isa = PBXFileReference; fileEncoding = 4; lastKnownFileType = text; path = Tuprules.tup; sourceTree = "<group>"; };
		5377741F14BE2FEF00276E5C /* bin */ = {isa = PBXFileReference; lastKnownFileType = folder; path = bin; sourceTree = "<group>"; };
		5377742114BE2FEF00276E5C /* man */ = {isa = PBXFileReference; lastKnownFileType = folder; path = man; sourceTree = "<group>"; };
		5377742214BE2FEF00276E5C /* src */ = {isa = PBXFileReference; lastKnownFileType = folder; path = src; sourceTree = "<group>"; };
/* End PBXFileReference section */

/* Begin PBXGroup section */
		537773E814BDF1C800276E5C = {
			isa = PBXGroup;
			children = (
				53607CB414BF47F8003E5269 /* Tuprules.tup */,
				5377741F14BE2FEF00276E5C /* bin */,
				5377742114BE2FEF00276E5C /* man */,
				5377742214BE2FEF00276E5C /* src */,
			);
			sourceTree = "<group>";
		};
/* End PBXGroup section */

/* Begin PBXLegacyTarget section */
		5377740F14BDF42900276E5C /* Winchester STG Compiler */ = {
			isa = PBXLegacyTarget;
			buildArgumentsString = upd;
			buildConfigurationList = 5377741014BDF42900276E5C /* Build configuration list for PBXLegacyTarget "Winchester STG Compiler" */;
			buildPhases = (
			);
			buildToolPath = /usr/local/bin/tup;
			buildWorkingDirectory = "";
			dependencies = (
			);
			name = "Winchester STG Compiler";
			passBuildSettingsInEnvironment = 1;
			productName = "Winchester STG Compiler";
		};
/* End PBXLegacyTarget section */

/* Begin PBXProject section */
		537773EA14BDF1C800276E5C /* Project object */ = {
			isa = PBXProject;
			attributes = {
				LastUpgradeCheck = 0420;
				ORGANIZATIONNAME = "Dylan Lukes";
			};
			buildConfigurationList = 537773ED14BDF1C800276E5C /* Build configuration list for PBXProject "Winchester STG Compiler" */;
			compatibilityVersion = "Xcode 3.2";
			developmentRegion = English;
			hasScannedForEncodings = 0;
			knownRegions = (
				en,
			);
			mainGroup = 537773E814BDF1C800276E5C;
			productRefGroup = 537773E814BDF1C800276E5C;
			projectDirPath = "";
			projectRoot = "";
			targets = (
				5377740F14BDF42900276E5C /* Winchester STG Compiler */,
			);
		};
/* End PBXProject section */

/* Begin XCBuildConfiguration section */
		537773FB14BDF1C800276E5C /* Debug */ = {
			isa = XCBuildConfiguration;
			buildSettings = {
			};
			name = Debug;
		};
		537773FC14BDF1C800276E5C /* Release */ = {
			isa = XCBuildConfiguration;
			buildSettings = {
			};
			name = Release;
		};
		5377741114BDF42900276E5C /* Debug */ = {
			isa = XCBuildConfiguration;
			buildSettings = {
			};
			name = Debug;
		};
		5377741214BDF42900276E5C /* Release */ = {
			isa = XCBuildConfiguration;
			buildSettings = {
			};
			name = Release;
		};
/* End XCBuildConfiguration section */

/* Begin XCConfigurationList section */
		537773ED14BDF1C800276E5C /* Build configuration list for PBXProject "Winchester STG Compiler" */ = {
			isa = XCConfigurationList;
			buildConfigurations = (
				537773FB14BDF1C800276E5C /* Debug */,
				537773FC14BDF1C800276E5C /* Release */,
			);
			defaultConfigurationIsVisible = 0;
			defaultConfigurationName = Release;
		};
		5377741014BDF42900276E5C /* Build configuration list for PBXLegacyTarget "Winchester STG Compiler" */ = {
			isa = XCConfigurationList;
			buildConfigurations = (
				5377741114BDF42900276E5C /* Debug */,
				5377741214BDF42900276E5C /* Release */,
			);
			defaultConfigurationIsVisible = 0;
			defaultConfigurationName = Release;
		};
/* End XCConfigurationList section */
	};
	rootObject = 537773EA14BDF1C800276E5C /* Project object */;
}
